
Microsoft Visual Studio Solution File, Format Version 12.00
# Visual Studio Version 17
VisualStudioVersion = 17.6.33815.320
MinimumVisualStudioVersion = 10.0.40219.1
Project("{2150E333-8FDC-42A3-9474-1A3956D46DE8}") = "Solution Items", "Solution Items", "{FE8C46F8-2AAA-4D85-80A9-AF6F28233639}"
	ProjectSection(SolutionItems) = preProject
		ReadMe.txt = ReadMe.txt
	EndProjectSection
EndProject
Project("{9A19103F-16F7-4668-BE54-9A1E7A4F7556}") = "ACESimBase", "ACESimBase\ACESimBase.csproj", "{73CCD7CC-3B01-42C2-834B-AE37E4726FF9}"
EndProject
Project("{9A19103F-16F7-4668-BE54-9A1E7A4F7556}") = "LitigCharts", "LitigCharts\LitigCharts.csproj", "{1CF233DC-4982-4AA1-BAFB-036E417E2C2D}"
EndProject
Global
	GlobalSection(SolutionConfigurationPlatforms) = preSolution
		Debug|Any CPU = Debug|Any CPU
		Debug|x64 = Debug|x64
		Debug|x86 = Debug|x86
		Release|Any CPU = Release|Any CPU
		Release|x64 = Release|x64
		Release|x86 = Release|x86
	EndGlobalSection
	GlobalSection(ProjectConfigurationPlatforms) = postSolution
		{73CCD7CC-3B01-42C2-834B-AE37E4726FF9}.Debug|Any CPU.ActiveCfg = Debug|Any CPU
		{73CCD7CC-3B01-42C2-834B-AE37E4726FF9}.Debug|Any CPU.Build.0 = Debug|Any CPU
		{73CCD7CC-3B01-42C2-834B-AE37E4726FF9}.Debug|x64.ActiveCfg = Debug|Any CPU
		{73CCD7CC-3B01-42C2-834B-AE37E4726FF9}.Debug|x64.Build.0 = Debug|Any CPU
		{73CCD7CC-3B01-42C2-834B-AE37E4726FF9}.Debug|x86.ActiveCfg = Debug|Any CPU
		{73CCD7CC-3B01-42C2-834B-AE37E4726FF9}.Debug|x86.Build.0 = Debug|Any CPU
		{73CCD7CC-3B01-42C2-834B-AE37E4726FF9}.Release|Any CPU.ActiveCfg = Release|Any CPU
		{73CCD7CC-3B01-42C2-834B-AE37E4726FF9}.Release|Any CPU.Build.0 = Release|Any CPU
		{73CCD7CC-3B01-42C2-834B-AE37E4726FF9}.Release|x64.ActiveCfg = Release|Any CPU
		{73CCD7CC-3B01-42C2-834B-AE37E4726FF9}.Release|x64.Build.0 = Release|Any CPU
		{73CCD7CC-3B01-42C2-834B-AE37E4726FF9}.Release|x86.ActiveCfg = Release|Any CPU
		{73CCD7CC-3B01-42C2-834B-AE37E4726FF9}.Release|x86.Build.0 = Release|Any CPU
		{1CF233DC-4982-4AA1-BAFB-036E417E2C2D}.Debug|Any CPU.ActiveCfg = Debug|Any CPU
		{1CF233DC-4982-4AA1-BAFB-036E417E2C2D}.Debug|Any CPU.Build.0 = Debug|Any CPU
		{1CF233DC-4982-4AA1-BAFB-036E417E2C2D}.Debug|x64.ActiveCfg = Debug|Any CPU
		{1CF233DC-4982-4AA1-BAFB-036E417E2C2D}.Debug|x64.Build.0 = Debug|Any CPU
		{1CF233DC-4982-4AA1-BAFB-036E417E2C2D}.Debug|x86.ActiveCfg = Debug|Any CPU
		{1CF233DC-4982-4AA1-BAFB-036E417E2C2D}.Debug|x86.Build.0 = Debug|Any CPU
		{1CF233DC-4982-4AA1-BAFB-036E417E2C2D}.Release|Any CPU.ActiveCfg = Release|Any CPU
		{1CF233DC-4982-4AA1-BAFB-036E417E2C2D}.Release|Any CPU.Build.0 = Release|Any CPU
		{1CF233DC-4982-4AA1-BAFB-036E417E2C2D}.Release|x64.ActiveCfg = Release|Any CPU
		{1CF233DC-4982-4AA1-BAFB-036E417E2C2D}.Release|x64.Build.0 = Release|Any CPU
		{1CF233DC-4982-4AA1-BAFB-036E417E2C2D}.Release|x86.ActiveCfg = Release|Any CPU
		{1CF233DC-4982-4AA1-BAFB-036E417E2C2D}.Release|x86.Build.0 = Release|Any CPU
	EndGlobalSection
	GlobalSection(SolutionProperties) = preSolution
		HideSolutionNode = FALSE
	EndGlobalSection
	GlobalSection(ExtensibilityGlobals) = postSolution
		SolutionGuid = {CDDD0576-8D8D-4630-90D5-0092523C869F}
	EndGlobalSection
	GlobalSection(SubversionScc) = preSolution
		Manager = AnkhSVN - Subversion Support for Visual Studio
		Svn-Managed = True
	EndGlobalSection
EndGlobal
