
Microsoft Visual Studio Solution File, Format Version 12.00
# Visual Studio 14
VisualStudioVersion = 14.0.25420.1
MinimumVisualStudioVersion = 10.0.40219.1
Project("{FAE04EC0-301F-11D3-BF4B-00C04F79EFBC}") = "ACESim", "ACESim\ACESim.csproj", "{4B723348-E50B-490C-ACEE-E8A56EC8564B}"
EndProject
Project("{2150E333-8FDC-42A3-9474-1A3956D46DE8}") = "Solution Items", "Solution Items", "{FE8C46F8-2AAA-4D85-80A9-AF6F28233639}"
EndProject
Project("{FAE04EC0-301F-11D3-BF4B-00C04F79EFBC}") = "ACESimWinForms", "ACESimWinForms\ACESimWinForms.csproj", "{41E81E08-A6CA-49C5-BCBF-A6B95B958934}"
EndProject
Global
	GlobalSection(SolutionConfigurationPlatforms) = preSolution
		Debug|Any CPU = Debug|Any CPU
		Debug|x64 = Debug|x64
		Debug|x86 = Debug|x86
		Release|Any CPU = Release|Any CPU
		Release|x64 = Release|x64
		Release|x86 = Release|x86
	EndGlobalSection
	GlobalSection(ProjectConfigurationPlatforms) = postSolution
		{4B723348-E50B-490C-ACEE-E8A56EC8564B}.Debug|Any CPU.ActiveCfg = Debug|Any CPU
		{4B723348-E50B-490C-ACEE-E8A56EC8564B}.Debug|Any CPU.Build.0 = Debug|Any CPU
		{4B723348-E50B-490C-ACEE-E8A56EC8564B}.Debug|x64.ActiveCfg = Debug|Any CPU
		{4B723348-E50B-490C-ACEE-E8A56EC8564B}.Debug|x64.Build.0 = Debug|Any CPU
		{4B723348-E50B-490C-ACEE-E8A56EC8564B}.Debug|x86.ActiveCfg = Debug|x86
		{4B723348-E50B-490C-ACEE-E8A56EC8564B}.Debug|x86.Build.0 = Debug|x86
		{4B723348-E50B-490C-ACEE-E8A56EC8564B}.Release|Any CPU.ActiveCfg = Release|Any CPU
		{4B723348-E50B-490C-ACEE-E8A56EC8564B}.Release|Any CPU.Build.0 = Release|Any CPU
		{4B723348-E50B-490C-ACEE-E8A56EC8564B}.Release|x64.ActiveCfg = Release|Any CPU
		{4B723348-E50B-490C-ACEE-E8A56EC8564B}.Release|x64.Build.0 = Release|Any CPU
		{4B723348-E50B-490C-ACEE-E8A56EC8564B}.Release|x86.ActiveCfg = Release|x86
		{4B723348-E50B-490C-ACEE-E8A56EC8564B}.Release|x86.Build.0 = Release|x86
		{41E81E08-A6CA-49C5-BCBF-A6B95B958934}.Debug|Any CPU.ActiveCfg = Debug|Any CPU
		{41E81E08-A6CA-49C5-BCBF-A6B95B958934}.Debug|Any CPU.Build.0 = Debug|Any CPU
		{41E81E08-A6CA-49C5-BCBF-A6B95B958934}.Debug|x64.ActiveCfg = Debug|x64
		{41E81E08-A6CA-49C5-BCBF-A6B95B958934}.Debug|x64.Build.0 = Debug|x64
		{41E81E08-A6CA-49C5-BCBF-A6B95B958934}.Debug|x86.ActiveCfg = Debug|Any CPU
		{41E81E08-A6CA-49C5-BCBF-A6B95B958934}.Debug|x86.Build.0 = Debug|Any CPU
		{41E81E08-A6CA-49C5-BCBF-A6B95B958934}.Release|Any CPU.ActiveCfg = Release|Any CPU
		{41E81E08-A6CA-49C5-BCBF-A6B95B958934}.Release|Any CPU.Build.0 = Release|Any CPU
		{41E81E08-A6CA-49C5-BCBF-A6B95B958934}.Release|x64.ActiveCfg = Release|x64
		{41E81E08-A6CA-49C5-BCBF-A6B95B958934}.Release|x64.Build.0 = Release|x64
		{41E81E08-A6CA-49C5-BCBF-A6B95B958934}.Release|x86.ActiveCfg = Release|Any CPU
		{41E81E08-A6CA-49C5-BCBF-A6B95B958934}.Release|x86.Build.0 = Release|Any CPU
	EndGlobalSection
	GlobalSection(SolutionProperties) = preSolution
		HideSolutionNode = FALSE
	EndGlobalSection
	GlobalSection(NestedProjects) = preSolution
		{4B723348-E50B-490C-ACEE-E8A56EC8564B} = {FE8C46F8-2AAA-4D85-80A9-AF6F28233639}
		{41E81E08-A6CA-49C5-BCBF-A6B95B958934} = {FE8C46F8-2AAA-4D85-80A9-AF6F28233639}
	EndGlobalSection
	GlobalSection(SubversionScc) = preSolution
		Manager = AnkhSVN - Subversion Support for Visual Studio
		Svn-Managed = True
	EndGlobalSection
EndGlobal
