
Microsoft Visual Studio Solution File, Format Version 12.00
# Visual Studio 2013
VisualStudioVersion = 12.0.30110.0
MinimumVisualStudioVersion = 10.0.40219.1
Project("{FAE04EC0-301F-11D3-BF4B-00C04F79EFBC}") = "ACESim", "ACESim\ACESim.csproj", "{4B723348-E50B-490C-ACEE-E8A56EC8564B}"
EndProject
Project("{2150E333-8FDC-42A3-9474-1A3956D46DE8}") = "Solution Items", "Solution Items", "{FE8C46F8-2AAA-4D85-80A9-AF6F28233639}"
EndProject
Project("{FAE04EC0-301F-11D3-BF4B-00C04F79EFBC}") = "WorkerRole1", "WorkerRole1\WorkerRole1.csproj", "{57387FB8-C832-4B85-877D-982835D3473C}"
EndProject
Project("{FAE04EC0-301F-11D3-BF4B-00C04F79EFBC}") = "ACESimWinForms", "ACESimWinForms\ACESimWinForms.csproj", "{41E81E08-A6CA-49C5-BCBF-A6B95B958934}"
EndProject
Project("{CC5FD16D-436D-48AD-A40C-5A424C6E3E79}") = "WindowsAzure2", "WindowsAzure2\WindowsAzure2.ccproj", "{744265A3-578E-4860-B531-EA88E1F7D636}"
EndProject
Global
	GlobalSection(SolutionConfigurationPlatforms) = preSolution
		Debug|Any CPU = Debug|Any CPU
		Release|Any CPU = Release|Any CPU
	EndGlobalSection
	GlobalSection(ProjectConfigurationPlatforms) = postSolution
		{4B723348-E50B-490C-ACEE-E8A56EC8564B}.Debug|Any CPU.ActiveCfg = Debug|Any CPU
		{4B723348-E50B-490C-ACEE-E8A56EC8564B}.Debug|Any CPU.Build.0 = Debug|Any CPU
		{4B723348-E50B-490C-ACEE-E8A56EC8564B}.Release|Any CPU.ActiveCfg = Release|Any CPU
		{4B723348-E50B-490C-ACEE-E8A56EC8564B}.Release|Any CPU.Build.0 = Release|Any CPU
		{57387FB8-C832-4B85-877D-982835D3473C}.Debug|Any CPU.ActiveCfg = Debug|Any CPU
		{57387FB8-C832-4B85-877D-982835D3473C}.Debug|Any CPU.Build.0 = Debug|Any CPU
		{57387FB8-C832-4B85-877D-982835D3473C}.Release|Any CPU.ActiveCfg = Release|Any CPU
		{57387FB8-C832-4B85-877D-982835D3473C}.Release|Any CPU.Build.0 = Release|Any CPU
		{41E81E08-A6CA-49C5-BCBF-A6B95B958934}.Debug|Any CPU.ActiveCfg = Debug|Any CPU
		{41E81E08-A6CA-49C5-BCBF-A6B95B958934}.Debug|Any CPU.Build.0 = Debug|Any CPU
		{41E81E08-A6CA-49C5-BCBF-A6B95B958934}.Release|Any CPU.ActiveCfg = Release|Any CPU
		{41E81E08-A6CA-49C5-BCBF-A6B95B958934}.Release|Any CPU.Build.0 = Release|Any CPU
		{744265A3-578E-4860-B531-EA88E1F7D636}.Debug|Any CPU.ActiveCfg = Debug|Any CPU
		{744265A3-578E-4860-B531-EA88E1F7D636}.Debug|Any CPU.Build.0 = Debug|Any CPU
		{744265A3-578E-4860-B531-EA88E1F7D636}.Release|Any CPU.ActiveCfg = Release|Any CPU
		{744265A3-578E-4860-B531-EA88E1F7D636}.Release|Any CPU.Build.0 = Release|Any CPU
	EndGlobalSection
	GlobalSection(SolutionProperties) = preSolution
		HideSolutionNode = FALSE
	EndGlobalSection
	GlobalSection(NestedProjects) = preSolution
		{4B723348-E50B-490C-ACEE-E8A56EC8564B} = {FE8C46F8-2AAA-4D85-80A9-AF6F28233639}
		{41E81E08-A6CA-49C5-BCBF-A6B95B958934} = {FE8C46F8-2AAA-4D85-80A9-AF6F28233639}
		{744265A3-578E-4860-B531-EA88E1F7D636} = {FE8C46F8-2AAA-4D85-80A9-AF6F28233639}
	EndGlobalSection
	GlobalSection(SubversionScc) = preSolution
		Manager = AnkhSVN - Subversion Support for Visual Studio
		Svn-Managed = True
	EndGlobalSection
EndGlobal
