
Microsoft Visual Studio Solution File, Format Version 12.00
# Visual Studio 2013
VisualStudioVersion = 12.0.30723.0
MinimumVisualStudioVersion = 10.0.40219.1
Project("{2150E333-8FDC-42A3-9474-1A3956D46DE8}") = "Solution Items", "Solution Items", "{FE8C46F8-2AAA-4D85-80A9-AF6F28233639}"
	ProjectSection(SolutionItems) = preProject
		Performance1.psess = Performance1.psess
	EndProjectSection
EndProject
Project("{FAE04EC0-301F-11D3-BF4B-00C04F79EFBC}") = "WpfChartUserControl", "WpfChartUserControl\WpfChartUserControl.csproj", "{79B47C77-6D3C-4DA7-A27F-A4D21CEDAA3B}"
EndProject
Project("{FAE04EC0-301F-11D3-BF4B-00C04F79EFBC}") = "encog-core-cs", "encog-core-cs\encog-core-cs.csproj", "{AC6FADF9-0904-4EBD-B22C-1C787C7E7A95}"
EndProject
Project("{8D9C8A9D-5DED-4B64-BF65-B598BA549D93}") = "SimulationReportData", "SimulationReportData\SimulationReportData.lsxproj", "{03D4F63E-A20A-4192-8130-544EC321D088}"
EndProject
Project("{FAE04EC0-301F-11D3-BF4B-00C04F79EFBC}") = "SilverlightClassLibrary1", "SilverlightClassLibrary1\SilverlightClassLibrary1.csproj", "{AA955E10-DED8-429D-BE84-554D277B5ACC}"
EndProject
Project("{FAE04EC0-301F-11D3-BF4B-00C04F79EFBC}") = "Client", "SimulationReportData\Client\Client.csproj", "{4456AA50-6355-49FD-A154-9E295322D9E0}"
EndProject
Project("{FAE04EC0-301F-11D3-BF4B-00C04F79EFBC}") = "Server", "SimulationReportData\Server\Server.csproj", "{F67FFD53-8E1D-4782-8145-DB3FC558F40F}"
EndProject
Global
	GlobalSection(SolutionConfigurationPlatforms) = preSolution
		Debug|Any CPU = Debug|Any CPU
		Release|Any CPU = Release|Any CPU
	EndGlobalSection
	GlobalSection(ProjectConfigurationPlatforms) = postSolution
		{79B47C77-6D3C-4DA7-A27F-A4D21CEDAA3B}.Debug|Any CPU.ActiveCfg = Debug|Any CPU
		{79B47C77-6D3C-4DA7-A27F-A4D21CEDAA3B}.Debug|Any CPU.Build.0 = Debug|Any CPU
		{79B47C77-6D3C-4DA7-A27F-A4D21CEDAA3B}.Release|Any CPU.ActiveCfg = Release|Any CPU
		{79B47C77-6D3C-4DA7-A27F-A4D21CEDAA3B}.Release|Any CPU.Build.0 = Release|Any CPU
		{AC6FADF9-0904-4EBD-B22C-1C787C7E7A95}.Debug|Any CPU.ActiveCfg = Debug|Any CPU
		{AC6FADF9-0904-4EBD-B22C-1C787C7E7A95}.Debug|Any CPU.Build.0 = Debug|Any CPU
		{AC6FADF9-0904-4EBD-B22C-1C787C7E7A95}.Release|Any CPU.ActiveCfg = Release|Any CPU
		{AC6FADF9-0904-4EBD-B22C-1C787C7E7A95}.Release|Any CPU.Build.0 = Release|Any CPU
		{03D4F63E-A20A-4192-8130-544EC321D088}.Debug|Any CPU.ActiveCfg = Debug|Any CPU
		{03D4F63E-A20A-4192-8130-544EC321D088}.Debug|Any CPU.Build.0 = Debug|Any CPU
		{03D4F63E-A20A-4192-8130-544EC321D088}.Release|Any CPU.ActiveCfg = Release|Any CPU
		{03D4F63E-A20A-4192-8130-544EC321D088}.Release|Any CPU.Build.0 = Release|Any CPU
		{AA955E10-DED8-429D-BE84-554D277B5ACC}.Debug|Any CPU.ActiveCfg = Debug|Any CPU
		{AA955E10-DED8-429D-BE84-554D277B5ACC}.Debug|Any CPU.Build.0 = Debug|Any CPU
		{AA955E10-DED8-429D-BE84-554D277B5ACC}.Release|Any CPU.ActiveCfg = Release|Any CPU
		{AA955E10-DED8-429D-BE84-554D277B5ACC}.Release|Any CPU.Build.0 = Release|Any CPU
		{4456AA50-6355-49FD-A154-9E295322D9E0}.Debug|Any CPU.ActiveCfg = Debug|Any CPU
		{4456AA50-6355-49FD-A154-9E295322D9E0}.Debug|Any CPU.Build.0 = Debug|Any CPU
		{4456AA50-6355-49FD-A154-9E295322D9E0}.Release|Any CPU.ActiveCfg = Release|Any CPU
		{4456AA50-6355-49FD-A154-9E295322D9E0}.Release|Any CPU.Build.0 = Release|Any CPU
		{F67FFD53-8E1D-4782-8145-DB3FC558F40F}.Debug|Any CPU.ActiveCfg = Debug|Any CPU
		{F67FFD53-8E1D-4782-8145-DB3FC558F40F}.Debug|Any CPU.Build.0 = Debug|Any CPU
		{F67FFD53-8E1D-4782-8145-DB3FC558F40F}.Release|Any CPU.ActiveCfg = Release|Any CPU
		{F67FFD53-8E1D-4782-8145-DB3FC558F40F}.Release|Any CPU.Build.0 = Release|Any CPU
	EndGlobalSection
	GlobalSection(SolutionProperties) = preSolution
		HideSolutionNode = FALSE
	EndGlobalSection
	GlobalSection(SubversionScc) = preSolution
		Manager = AnkhSVN - Subversion Support for Visual Studio
		Svn-Managed = True
	EndGlobalSection
EndGlobal
